
Microsoft Visual Studio Solution File, Format Version 12.00
# Visual Studio Version 17
VisualStudioVersion = 17.6.33829.357
MinimumVisualStudioVersion = 10.0.40219.1
Project("{FAE04EC0-301F-11D3-BF4B-00C04F79EFBC}") = "Training Tracker", "Training Tracker\Training Tracker.csproj", "{C9F28D47-4B30-4FA2-A6AF-0172DC8F3409}"
EndProject
Global
	GlobalSection(SolutionConfigurationPlatforms) = preSolution
		Debug|Any CPU = Debug|Any CPU
		Release|Any CPU = Release|Any CPU
	EndGlobalSection
	GlobalSection(ProjectConfigurationPlatforms) = postSolution
		{C9F28D47-4B30-4FA2-A6AF-0172DC8F3409}.Debug|Any CPU.ActiveCfg = Debug|Any CPU
		{C9F28D47-4B30-4FA2-A6AF-0172DC8F3409}.Debug|Any CPU.Build.0 = Debug|Any CPU
		{C9F28D47-4B30-4FA2-A6AF-0172DC8F3409}.Release|Any CPU.ActiveCfg = Release|Any CPU
		{C9F28D47-4B30-4FA2-A6AF-0172DC8F3409}.Release|Any CPU.Build.0 = Release|Any CPU
	EndGlobalSection
	GlobalSection(SolutionProperties) = preSolution
		HideSolutionNode = FALSE
	EndGlobalSection
	GlobalSection(ExtensibilityGlobals) = postSolution
		SolutionGuid = {45175C76-6776-486A-AD9F-32B30BEB4937}
	EndGlobalSection
EndGlobal
